
Microsoft Visual Studio Solution File, Format Version 12.00
# Visual Studio Version 17
VisualStudioVersion = 17.11.35327.3
MinimumVisualStudioVersion = 10.0.40219.1
Project("{FAE04EC0-301F-11D3-BF4B-00C04F79EFBC}") = "High Score Stuff", "High Score Stuff\High Score Stuff.csproj", "{98359C01-0418-43A5-926E-E8F1710BCD01}"
EndProject
Global
	GlobalSection(SolutionConfigurationPlatforms) = preSolution
		Debug|Any CPU = Debug|Any CPU
		Release|Any CPU = Release|Any CPU
	EndGlobalSection
	GlobalSection(ProjectConfigurationPlatforms) = postSolution
		{98359C01-0418-43A5-926E-E8F1710BCD01}.Debug|Any CPU.ActiveCfg = Debug|Any CPU
		{98359C01-0418-43A5-926E-E8F1710BCD01}.Debug|Any CPU.Build.0 = Debug|Any CPU
		{98359C01-0418-43A5-926E-E8F1710BCD01}.Release|Any CPU.ActiveCfg = Release|Any CPU
		{98359C01-0418-43A5-926E-E8F1710BCD01}.Release|Any CPU.Build.0 = Release|Any CPU
	EndGlobalSection
	GlobalSection(SolutionProperties) = preSolution
		HideSolutionNode = FALSE
	EndGlobalSection
	GlobalSection(ExtensibilityGlobals) = postSolution
		SolutionGuid = {B3B9295D-A2D8-47D5-9FA0-54C4D37586FF}
	EndGlobalSection
EndGlobal
